
Microsoft Visual Studio Solution File, Format Version 11.00
# Visual Studio 2010
Project("{FAE04EC0-301F-11D3-BF4B-00C04F79EFBC}") = "Graduated", "Assembly-CSharp.csproj", "{92815B81-5288-35BD-8907-6F7F0177B4E2}"
EndProject
Project("{FAE04EC0-301F-11D3-BF4B-00C04F79EFBC}") = "Graduated", "Assembly-CSharp-Editor.csproj", "{FFA169B7-CBD9-BC70-52D8-275A06B72DF7}"
EndProject
Global
	GlobalSection(SolutionConfigurationPlatforms) = preSolution
		Debug|Any CPU = Debug|Any CPU
		Release|Any CPU = Release|Any CPU
	EndGlobalSection
	GlobalSection(ProjectConfigurationPlatforms) = postSolution
		{92815B81-5288-35BD-8907-6F7F0177B4E2}.Debug|Any CPU.ActiveCfg = Debug|Any CPU
		{92815B81-5288-35BD-8907-6F7F0177B4E2}.Debug|Any CPU.Build.0 = Debug|Any CPU
		{92815B81-5288-35BD-8907-6F7F0177B4E2}.Release|Any CPU.ActiveCfg = Release|Any CPU
		{92815B81-5288-35BD-8907-6F7F0177B4E2}.Release|Any CPU.Build.0 = Release|Any CPU
		{FFA169B7-CBD9-BC70-52D8-275A06B72DF7}.Debug|Any CPU.ActiveCfg = Debug|Any CPU
		{FFA169B7-CBD9-BC70-52D8-275A06B72DF7}.Debug|Any CPU.Build.0 = Debug|Any CPU
		{FFA169B7-CBD9-BC70-52D8-275A06B72DF7}.Release|Any CPU.ActiveCfg = Release|Any CPU
		{FFA169B7-CBD9-BC70-52D8-275A06B72DF7}.Release|Any CPU.Build.0 = Release|Any CPU
	EndGlobalSection
	GlobalSection(SolutionProperties) = preSolution
		HideSolutionNode = FALSE
	EndGlobalSection
	GlobalSection(MonoDevelopProperties) = preSolution
		StartupItem = Assembly-CSharp.csproj
	EndGlobalSection
EndGlobal
